
Microsoft Visual Studio Solution File, Format Version 12.00
# Visual Studio Version 16
VisualStudioVersion = 16.0.29728.190
MinimumVisualStudioVersion = 10.0.40219.1
Project("{9A19103F-16F7-4668-BE54-9A1E7A4F7556}") = "AztestWebApi", "AztestWebApi.csproj", "{3E5539B1-B72B-45C1-BD9C-35DDD55F195D}"
EndProject
Project("{FAE04EC0-301F-11D3-BF4B-00C04F79EFBC}") = "AztestWebApiTests", "..\AztestWebApiTests\AztestWebApiTests.csproj", "{8D423AD3-1EB9-4991-8649-02DCE66BA369}"
EndProject
Global
	GlobalSection(SolutionConfigurationPlatforms) = preSolution
		Debug|Any CPU = Debug|Any CPU
		Release|Any CPU = Release|Any CPU
	EndGlobalSection
	GlobalSection(ProjectConfigurationPlatforms) = postSolution
		{3E5539B1-B72B-45C1-BD9C-35DDD55F195D}.Debug|Any CPU.ActiveCfg = Debug|Any CPU
		{3E5539B1-B72B-45C1-BD9C-35DDD55F195D}.Debug|Any CPU.Build.0 = Debug|Any CPU
		{3E5539B1-B72B-45C1-BD9C-35DDD55F195D}.Release|Any CPU.ActiveCfg = Release|Any CPU
		{3E5539B1-B72B-45C1-BD9C-35DDD55F195D}.Release|Any CPU.Build.0 = Release|Any CPU
		{8D423AD3-1EB9-4991-8649-02DCE66BA369}.Debug|Any CPU.ActiveCfg = Debug|Any CPU
		{8D423AD3-1EB9-4991-8649-02DCE66BA369}.Debug|Any CPU.Build.0 = Debug|Any CPU
		{8D423AD3-1EB9-4991-8649-02DCE66BA369}.Release|Any CPU.ActiveCfg = Release|Any CPU
		{8D423AD3-1EB9-4991-8649-02DCE66BA369}.Release|Any CPU.Build.0 = Release|Any CPU
	EndGlobalSection
	GlobalSection(SolutionProperties) = preSolution
		HideSolutionNode = FALSE
	EndGlobalSection
	GlobalSection(ExtensibilityGlobals) = postSolution
		SolutionGuid = {6B6E79D2-F08F-4442-BBF8-24ADEC26068E}
	EndGlobalSection
EndGlobal
